// !$*UTF8*$!
{
	archiveVersion = 1;
	classes = {
	};
	objectVersion = 56;
	objects = {

/* Begin PBXBuildFile section */
		3638ED6029EA7B5A00BEC54D /* AppDelegate.swift in Sources */ = {isa = PBXBuildFile; fileRef = 3638ED5F29EA7B5A00BEC54D /* AppDelegate.swift */; };
		3638ED6229EA7B5A00BEC54D /* SceneDelegate.swift in Sources */ = {isa = PBXBuildFile; fileRef = 3638ED6129EA7B5A00BEC54D /* SceneDelegate.swift */; };
		3638ED6929EA7B5C00BEC54D /* Assets.xcassets in Resources */ = {isa = PBXBuildFile; fileRef = 3638ED6829EA7B5C00BEC54D /* Assets.xcassets */; };
		3638ED6C29EA7B5C00BEC54D /* LaunchScreen.storyboard in Resources */ = {isa = PBXBuildFile; fileRef = 3638ED6A29EA7B5C00BEC54D /* LaunchScreen.storyboard */; };
		3638ED7529EA7B9F00BEC54D /* SnapKit in Frameworks */ = {isa = PBXBuildFile; productRef = 3638ED7429EA7B9F00BEC54D /* SnapKit */; };
		3638ED7829EA7BB200BEC54D /* Then in Frameworks */ = {isa = PBXBuildFile; productRef = 3638ED7729EA7BB200BEC54D /* Then */; };
		3638ED7F29EA7CD000BEC54D /* LoginVC.swift in Sources */ = {isa = PBXBuildFile; fileRef = 3638ED7E29EA7CD000BEC54D /* LoginVC.swift */; };
		3638ED8329EA7E8400BEC54D /* UIView+.swift in Sources */ = {isa = PBXBuildFile; fileRef = 3638ED8229EA7E8400BEC54D /* UIView+.swift */; };
		3638ED8529EA7EE000BEC54D /* UITextField+.swift in Sources */ = {isa = PBXBuildFile; fileRef = 3638ED8429EA7EE000BEC54D /* UITextField+.swift */; };
		3638ED8729EA7F0500BEC54D /* String+.swift in Sources */ = {isa = PBXBuildFile; fileRef = 3638ED8629EA7F0500BEC54D /* String+.swift */; };
		3638ED8D29EA7FD300BEC54D /* NavigationView.swift in Sources */ = {isa = PBXBuildFile; fileRef = 3638ED8C29EA7FD300BEC54D /* NavigationView.swift */; };
		3638ED8F29EA806E00BEC54D /* UIColor+.swift in Sources */ = {isa = PBXBuildFile; fileRef = 3638ED8E29EA806E00BEC54D /* UIColor+.swift */; };
		3638ED9129EA807700BEC54D /* UIFont+.swift in Sources */ = {isa = PBXBuildFile; fileRef = 3638ED9029EA807700BEC54D /* UIFont+.swift */; };
		3638ED9429EA808C00BEC54D /* ScreenUtils.swift in Sources */ = {isa = PBXBuildFile; fileRef = 3638ED9329EA808C00BEC54D /* ScreenUtils.swift */; };
		3638ED9F29EA834F00BEC54D /* Pretendard-Bold.otf in Resources */ = {isa = PBXBuildFile; fileRef = 3638ED9629EA834F00BEC54D /* Pretendard-Bold.otf */; };
		3638EDA029EA834F00BEC54D /* Pretendard-Regular.otf in Resources */ = {isa = PBXBuildFile; fileRef = 3638ED9729EA834F00BEC54D /* Pretendard-Regular.otf */; };
		3638EDA129EA834F00BEC54D /* Pretendard-Light.otf in Resources */ = {isa = PBXBuildFile; fileRef = 3638ED9829EA834F00BEC54D /* Pretendard-Light.otf */; };
		3638EDA229EA834F00BEC54D /* Pretendard-ExtraBold.otf in Resources */ = {isa = PBXBuildFile; fileRef = 3638ED9929EA834F00BEC54D /* Pretendard-ExtraBold.otf */; };
		3638EDA329EA834F00BEC54D /* Pretendard-SemiBold.otf in Resources */ = {isa = PBXBuildFile; fileRef = 3638ED9A29EA834F00BEC54D /* Pretendard-SemiBold.otf */; };
		3638EDA429EA834F00BEC54D /* Pretendard-Black.otf in Resources */ = {isa = PBXBuildFile; fileRef = 3638ED9B29EA834F00BEC54D /* Pretendard-Black.otf */; };
		3638EDA529EA834F00BEC54D /* Pretendard-Medium.otf in Resources */ = {isa = PBXBuildFile; fileRef = 3638ED9C29EA834F00BEC54D /* Pretendard-Medium.otf */; };
		3638EDA629EA834F00BEC54D /* Pretendard-ExtraLight.otf in Resources */ = {isa = PBXBuildFile; fileRef = 3638ED9D29EA834F00BEC54D /* Pretendard-ExtraLight.otf */; };
		3638EDA729EA834F00BEC54D /* Pretendard-Thin.otf in Resources */ = {isa = PBXBuildFile; fileRef = 3638ED9E29EA834F00BEC54D /* Pretendard-Thin.otf */; };
		3638EDAA29EA87D400BEC54D /* ImageLiterals.swift in Sources */ = {isa = PBXBuildFile; fileRef = 3638EDA929EA87D400BEC54D /* ImageLiterals.swift */; };
		3638EDAC29EA87E600BEC54D /* UIImage+.swift in Sources */ = {isa = PBXBuildFile; fileRef = 3638EDAB29EA87E600BEC54D /* UIImage+.swift */; };
		3638EDB429EA8D5100BEC54D /* BaseTextField.swift in Sources */ = {isa = PBXBuildFile; fileRef = 3638EDB329EA8D5100BEC54D /* BaseTextField.swift */; };
		3638EDB729EA8F2500BEC54D /* EmailTextField.swift in Sources */ = {isa = PBXBuildFile; fileRef = 3638EDB629EA8F2500BEC54D /* EmailTextField.swift */; };
		3638EDB929EA97FE00BEC54D /* PasswordTextField.swift in Sources */ = {isa = PBXBuildFile; fileRef = 3638EDB829EA97FE00BEC54D /* PasswordTextField.swift */; };
		3638EDBF29EA9BB700BEC54D /* UIButton+.swift in Sources */ = {isa = PBXBuildFile; fileRef = 3638EDBE29EA9BB700BEC54D /* UIButton+.swift */; };
		3638EDC229EA9EE700BEC54D /* LoginView.swift in Sources */ = {isa = PBXBuildFile; fileRef = 3638EDC129EA9EE700BEC54D /* LoginView.swift */; };
		3638EDC429EAA67C00BEC54D /* UIStackView+.swift in Sources */ = {isa = PBXBuildFile; fileRef = 3638EDC329EAA67C00BEC54D /* UIStackView+.swift */; };
		3638EDF529F2D19B00BEC54D /* LoginSuccessVC.swift in Sources */ = {isa = PBXBuildFile; fileRef = 3638EDF429F2D19B00BEC54D /* LoginSuccessVC.swift */; };
		3638EDF729F2D1AC00BEC54D /* LoginSuccessView.swift in Sources */ = {isa = PBXBuildFile; fileRef = 3638EDF629F2D1AC00BEC54D /* LoginSuccessView.swift */; };
/* End PBXBuildFile section */

/* Begin PBXFileReference section */
		3638ED5C29EA7B5A00BEC54D /* Tving-Clone-Coding.app */ = {isa = PBXFileReference; explicitFileType = wrapper.application; includeInIndex = 0; path = "Tving-Clone-Coding.app"; sourceTree = BUILT_PRODUCTS_DIR; };
		3638ED5F29EA7B5A00BEC54D /* AppDelegate.swift */ = {isa = PBXFileReference; lastKnownFileType = sourcecode.swift; path = AppDelegate.swift; sourceTree = "<group>"; };
		3638ED6129EA7B5A00BEC54D /* SceneDelegate.swift */ = {isa = PBXFileReference; lastKnownFileType = sourcecode.swift; path = SceneDelegate.swift; sourceTree = "<group>"; };
		3638ED6829EA7B5C00BEC54D /* Assets.xcassets */ = {isa = PBXFileReference; lastKnownFileType = folder.assetcatalog; path = Assets.xcassets; sourceTree = "<group>"; };
		3638ED6B29EA7B5C00BEC54D /* Base */ = {isa = PBXFileReference; lastKnownFileType = file.storyboard; name = Base; path = Base.lproj/LaunchScreen.storyboard; sourceTree = "<group>"; };
		3638ED6D29EA7B5C00BEC54D /* Info.plist */ = {isa = PBXFileReference; lastKnownFileType = text.plist.xml; path = Info.plist; sourceTree = "<group>"; };
		3638ED7E29EA7CD000BEC54D /* LoginVC.swift */ = {isa = PBXFileReference; lastKnownFileType = sourcecode.swift; path = LoginVC.swift; sourceTree = "<group>"; };
		3638ED8229EA7E8400BEC54D /* UIView+.swift */ = {isa = PBXFileReference; lastKnownFileType = sourcecode.swift; path = "UIView+.swift"; sourceTree = "<group>"; };
		3638ED8429EA7EE000BEC54D /* UITextField+.swift */ = {isa = PBXFileReference; lastKnownFileType = sourcecode.swift; path = "UITextField+.swift"; sourceTree = "<group>"; };
		3638ED8629EA7F0500BEC54D /* String+.swift */ = {isa = PBXFileReference; lastKnownFileType = sourcecode.swift; path = "String+.swift"; sourceTree = "<group>"; };
		3638ED8C29EA7FD300BEC54D /* NavigationView.swift */ = {isa = PBXFileReference; lastKnownFileType = sourcecode.swift; path = NavigationView.swift; sourceTree = "<group>"; };
		3638ED8E29EA806E00BEC54D /* UIColor+.swift */ = {isa = PBXFileReference; lastKnownFileType = sourcecode.swift; path = "UIColor+.swift"; sourceTree = "<group>"; };
		3638ED9029EA807700BEC54D /* UIFont+.swift */ = {isa = PBXFileReference; lastKnownFileType = sourcecode.swift; path = "UIFont+.swift"; sourceTree = "<group>"; };
		3638ED9329EA808C00BEC54D /* ScreenUtils.swift */ = {isa = PBXFileReference; lastKnownFileType = sourcecode.swift; path = ScreenUtils.swift; sourceTree = "<group>"; };
		3638ED9629EA834F00BEC54D /* Pretendard-Bold.otf */ = {isa = PBXFileReference; lastKnownFileType = file; path = "Pretendard-Bold.otf"; sourceTree = "<group>"; };
		3638ED9729EA834F00BEC54D /* Pretendard-Regular.otf */ = {isa = PBXFileReference; lastKnownFileType = file; path = "Pretendard-Regular.otf"; sourceTree = "<group>"; };
		3638ED9829EA834F00BEC54D /* Pretendard-Light.otf */ = {isa = PBXFileReference; lastKnownFileType = file; path = "Pretendard-Light.otf"; sourceTree = "<group>"; };
		3638ED9929EA834F00BEC54D /* Pretendard-ExtraBold.otf */ = {isa = PBXFileReference; lastKnownFileType = file; path = "Pretendard-ExtraBold.otf"; sourceTree = "<group>"; };
		3638ED9A29EA834F00BEC54D /* Pretendard-SemiBold.otf */ = {isa = PBXFileReference; lastKnownFileType = file; path = "Pretendard-SemiBold.otf"; sourceTree = "<group>"; };
		3638ED9B29EA834F00BEC54D /* Pretendard-Black.otf */ = {isa = PBXFileReference; lastKnownFileType = file; path = "Pretendard-Black.otf"; sourceTree = "<group>"; };
		3638ED9C29EA834F00BEC54D /* Pretendard-Medium.otf */ = {isa = PBXFileReference; lastKnownFileType = file; path = "Pretendard-Medium.otf"; sourceTree = "<group>"; };
		3638ED9D29EA834F00BEC54D /* Pretendard-ExtraLight.otf */ = {isa = PBXFileReference; lastKnownFileType = file; path = "Pretendard-ExtraLight.otf"; sourceTree = "<group>"; };
		3638ED9E29EA834F00BEC54D /* Pretendard-Thin.otf */ = {isa = PBXFileReference; lastKnownFileType = file; path = "Pretendard-Thin.otf"; sourceTree = "<group>"; };
		3638EDA929EA87D400BEC54D /* ImageLiterals.swift */ = {isa = PBXFileReference; lastKnownFileType = sourcecode.swift; path = ImageLiterals.swift; sourceTree = "<group>"; };
		3638EDAB29EA87E600BEC54D /* UIImage+.swift */ = {isa = PBXFileReference; lastKnownFileType = sourcecode.swift; path = "UIImage+.swift"; sourceTree = "<group>"; };
		3638EDB329EA8D5100BEC54D /* BaseTextField.swift */ = {isa = PBXFileReference; lastKnownFileType = sourcecode.swift; path = BaseTextField.swift; sourceTree = "<group>"; };
		3638EDB629EA8F2500BEC54D /* EmailTextField.swift */ = {isa = PBXFileReference; lastKnownFileType = sourcecode.swift; path = EmailTextField.swift; sourceTree = "<group>"; };
		3638EDB829EA97FE00BEC54D /* PasswordTextField.swift */ = {isa = PBXFileReference; lastKnownFileType = sourcecode.swift; path = PasswordTextField.swift; sourceTree = "<group>"; };
		3638EDBE29EA9BB700BEC54D /* UIButton+.swift */ = {isa = PBXFileReference; lastKnownFileType = sourcecode.swift; path = "UIButton+.swift"; sourceTree = "<group>"; };
		3638EDC129EA9EE700BEC54D /* LoginView.swift */ = {isa = PBXFileReference; lastKnownFileType = sourcecode.swift; path = LoginView.swift; sourceTree = "<group>"; };
		3638EDC329EAA67C00BEC54D /* UIStackView+.swift */ = {isa = PBXFileReference; lastKnownFileType = sourcecode.swift; path = "UIStackView+.swift"; sourceTree = "<group>"; };
		3638EDF429F2D19B00BEC54D /* LoginSuccessVC.swift */ = {isa = PBXFileReference; lastKnownFileType = sourcecode.swift; path = LoginSuccessVC.swift; sourceTree = "<group>"; };
		3638EDF629F2D1AC00BEC54D /* LoginSuccessView.swift */ = {isa = PBXFileReference; lastKnownFileType = sourcecode.swift; path = LoginSuccessView.swift; sourceTree = "<group>"; };
/* End PBXFileReference section */

/* Begin PBXFrameworksBuildPhase section */
		3638ED5929EA7B5A00BEC54D /* Frameworks */ = {
			isa = PBXFrameworksBuildPhase;
			buildActionMask = 2147483647;
			files = (
				3638ED7529EA7B9F00BEC54D /* SnapKit in Frameworks */,
				3638ED7829EA7BB200BEC54D /* Then in Frameworks */,
			);
			runOnlyForDeploymentPostprocessing = 0;
		};
/* End PBXFrameworksBuildPhase section */

/* Begin PBXGroup section */
		3638ED5329EA7B5A00BEC54D = {
			isa = PBXGroup;
			children = (
				3638ED5E29EA7B5A00BEC54D /* Tving-Clone-Coding */,
				3638ED5D29EA7B5A00BEC54D /* Products */,
			);
			sourceTree = "<group>";
		};
		3638ED5D29EA7B5A00BEC54D /* Products */ = {
			isa = PBXGroup;
			children = (
				3638ED5C29EA7B5A00BEC54D /* Tving-Clone-Coding.app */,
			);
			name = Products;
			sourceTree = "<group>";
		};
		3638ED5E29EA7B5A00BEC54D /* Tving-Clone-Coding */ = {
			isa = PBXGroup;
			children = (
				3638ED7929EA7BBF00BEC54D /* Source */,
				3638ED7A29EA7BC500BEC54D /* Resource */,
				3638ED6D29EA7B5C00BEC54D /* Info.plist */,
			);
			path = "Tving-Clone-Coding";
			sourceTree = "<group>";
		};
		3638ED7929EA7BBF00BEC54D /* Source */ = {
			isa = PBXGroup;
			children = (
				3638ED9229EA808100BEC54D /* Utils */,
				3638ED8129EA7E7600BEC54D /* Components */,
				3638ED8029EA7E6D00BEC54D /* Extension */,
				3638ED7C29EA7BF100BEC54D /* Scene */,
				3638ED7B29EA7BCE00BEC54D /* Supports */,
			);
			path = Source;
			sourceTree = "<group>";
		};
		3638ED7A29EA7BC500BEC54D /* Resource */ = {
			isa = PBXGroup;
			children = (
				3638EDA829EA87B500BEC54D /* Literals */,
				3638ED9529EA834100BEC54D /* Fonts */,
				3638ED6829EA7B5C00BEC54D /* Assets.xcassets */,
				3638ED6A29EA7B5C00BEC54D /* LaunchScreen.storyboard */,
			);
			path = Resource;
			sourceTree = "<group>";
		};
		3638ED7B29EA7BCE00BEC54D /* Supports */ = {
			isa = PBXGroup;
			children = (
				3638ED5F29EA7B5A00BEC54D /* AppDelegate.swift */,
				3638ED6129EA7B5A00BEC54D /* SceneDelegate.swift */,
			);
			path = Supports;
			sourceTree = "<group>";
		};
		3638ED7C29EA7BF100BEC54D /* Scene */ = {
			isa = PBXGroup;
			children = (
				3638ED7D29EA7C0600BEC54D /* Login */,
			);
			path = Scene;
			sourceTree = "<group>";
		};
		3638ED7D29EA7C0600BEC54D /* Login */ = {
			isa = PBXGroup;
			children = (
				3638EDC029EA9EDD00BEC54D /* View */,
				3638ED8929EA7F7100BEC54D /* VCs */,
			);
			path = Login;
			sourceTree = "<group>";
		};
		3638ED8029EA7E6D00BEC54D /* Extension */ = {
			isa = PBXGroup;
			children = (
				3638ED8229EA7E8400BEC54D /* UIView+.swift */,
				3638EDBE29EA9BB700BEC54D /* UIButton+.swift */,
				3638ED8429EA7EE000BEC54D /* UITextField+.swift */,
				3638ED8629EA7F0500BEC54D /* String+.swift */,
				3638ED8E29EA806E00BEC54D /* UIColor+.swift */,
				3638ED9029EA807700BEC54D /* UIFont+.swift */,
				3638EDAB29EA87E600BEC54D /* UIImage+.swift */,
				3638EDC329EAA67C00BEC54D /* UIStackView+.swift */,
			);
			path = Extension;
			sourceTree = "<group>";
		};
		3638ED8129EA7E7600BEC54D /* Components */ = {
			isa = PBXGroup;
			children = (
				3638EDB529EA8F1600BEC54D /* Login */,
				3638ED8A29EA7F9C00BEC54D /* Global */,
			);
			path = Components;
			sourceTree = "<group>";
		};
		3638ED8929EA7F7100BEC54D /* VCs */ = {
			isa = PBXGroup;
			children = (
				3638ED7E29EA7CD000BEC54D /* LoginVC.swift */,
				3638EDF429F2D19B00BEC54D /* LoginSuccessVC.swift */,
			);
			path = VCs;
			sourceTree = "<group>";
		};
		3638ED8A29EA7F9C00BEC54D /* Global */ = {
			isa = PBXGroup;
			children = (
				3638ED8C29EA7FD300BEC54D /* NavigationView.swift */,
				3638EDB329EA8D5100BEC54D /* BaseTextField.swift */,
			);
			path = Global;
			sourceTree = "<group>";
		};
		3638ED9229EA808100BEC54D /* Utils */ = {
			isa = PBXGroup;
			children = (
				3638ED9329EA808C00BEC54D /* ScreenUtils.swift */,
			);
			path = Utils;
			sourceTree = "<group>";
		};
		3638ED9529EA834100BEC54D /* Fonts */ = {
			isa = PBXGroup;
			children = (
				3638ED9B29EA834F00BEC54D /* Pretendard-Black.otf */,
				3638ED9629EA834F00BEC54D /* Pretendard-Bold.otf */,
				3638ED9929EA834F00BEC54D /* Pretendard-ExtraBold.otf */,
				3638ED9D29EA834F00BEC54D /* Pretendard-ExtraLight.otf */,
				3638ED9829EA834F00BEC54D /* Pretendard-Light.otf */,
				3638ED9C29EA834F00BEC54D /* Pretendard-Medium.otf */,
				3638ED9729EA834F00BEC54D /* Pretendard-Regular.otf */,
				3638ED9A29EA834F00BEC54D /* Pretendard-SemiBold.otf */,
				3638ED9E29EA834F00BEC54D /* Pretendard-Thin.otf */,
			);
			path = Fonts;
			sourceTree = "<group>";
		};
		3638EDA829EA87B500BEC54D /* Literals */ = {
			isa = PBXGroup;
			children = (
				3638EDA929EA87D400BEC54D /* ImageLiterals.swift */,
			);
			path = Literals;
			sourceTree = "<group>";
		};
		3638EDB529EA8F1600BEC54D /* Login */ = {
			isa = PBXGroup;
			children = (
				3638EDB629EA8F2500BEC54D /* EmailTextField.swift */,
				3638EDB829EA97FE00BEC54D /* PasswordTextField.swift */,
			);
			path = Login;
			sourceTree = "<group>";
		};
		3638EDC029EA9EDD00BEC54D /* View */ = {
			isa = PBXGroup;
			children = (
				3638EDC129EA9EE700BEC54D /* LoginView.swift */,
				3638EDF629F2D1AC00BEC54D /* LoginSuccessView.swift */,
			);
			path = View;
			sourceTree = "<group>";
		};
/* End PBXGroup section */

/* Begin PBXNativeTarget section */
		3638ED5B29EA7B5A00BEC54D /* Tving-Clone-Coding */ = {
			isa = PBXNativeTarget;
			buildConfigurationList = 3638ED7029EA7B5C00BEC54D /* Build configuration list for PBXNativeTarget "Tving-Clone-Coding" */;
			buildPhases = (
				3638ED5829EA7B5A00BEC54D /* Sources */,
				3638ED5929EA7B5A00BEC54D /* Frameworks */,
				3638ED5A29EA7B5A00BEC54D /* Resources */,
			);
			buildRules = (
			);
			dependencies = (
			);
			name = "Tving-Clone-Coding";
			packageProductDependencies = (
				3638ED7429EA7B9F00BEC54D /* SnapKit */,
				3638ED7729EA7BB200BEC54D /* Then */,
			);
			productName = "Tving-Clone-Coding";
			productReference = 3638ED5C29EA7B5A00BEC54D /* Tving-Clone-Coding.app */;
			productType = "com.apple.product-type.application";
		};
/* End PBXNativeTarget section */

/* Begin PBXProject section */
		3638ED5429EA7B5A00BEC54D /* Project object */ = {
			isa = PBXProject;
			attributes = {
				BuildIndependentTargetsInParallel = 1;
				LastSwiftUpdateCheck = 1430;
				LastUpgradeCheck = 1430;
				TargetAttributes = {
					3638ED5B29EA7B5A00BEC54D = {
						CreatedOnToolsVersion = 14.3;
					};
				};
			};
			buildConfigurationList = 3638ED5729EA7B5A00BEC54D /* Build configuration list for PBXProject "Tving-Clone-Coding" */;
			compatibilityVersion = "Xcode 14.0";
			developmentRegion = en;
			hasScannedForEncodings = 0;
			knownRegions = (
				en,
				Base,
			);
			mainGroup = 3638ED5329EA7B5A00BEC54D;
			packageReferences = (
				3638ED7329EA7B9F00BEC54D /* XCRemoteSwiftPackageReference "SnapKit" */,
				3638ED7629EA7BB200BEC54D /* XCRemoteSwiftPackageReference "Then" */,
			);
			productRefGroup = 3638ED5D29EA7B5A00BEC54D /* Products */;
			projectDirPath = "";
			projectRoot = "";
			targets = (
				3638ED5B29EA7B5A00BEC54D /* Tving-Clone-Coding */,
			);
		};
/* End PBXProject section */

/* Begin PBXResourcesBuildPhase section */
		3638ED5A29EA7B5A00BEC54D /* Resources */ = {
			isa = PBXResourcesBuildPhase;
			buildActionMask = 2147483647;
			files = (
				3638ED6C29EA7B5C00BEC54D /* LaunchScreen.storyboard in Resources */,
				3638EDA029EA834F00BEC54D /* Pretendard-Regular.otf in Resources */,
				3638EDA629EA834F00BEC54D /* Pretendard-ExtraLight.otf in Resources */,
				3638EDA329EA834F00BEC54D /* Pretendard-SemiBold.otf in Resources */,
				3638EDA229EA834F00BEC54D /* Pretendard-ExtraBold.otf in Resources */,
				3638ED9F29EA834F00BEC54D /* Pretendard-Bold.otf in Resources */,
				3638EDA129EA834F00BEC54D /* Pretendard-Light.otf in Resources */,
				3638EDA429EA834F00BEC54D /* Pretendard-Black.otf in Resources */,
				3638ED6929EA7B5C00BEC54D /* Assets.xcassets in Resources */,
				3638EDA729EA834F00BEC54D /* Pretendard-Thin.otf in Resources */,
				3638EDA529EA834F00BEC54D /* Pretendard-Medium.otf in Resources */,
			);
			runOnlyForDeploymentPostprocessing = 0;
		};
/* End PBXResourcesBuildPhase section */

/* Begin PBXSourcesBuildPhase section */
		3638ED5829EA7B5A00BEC54D /* Sources */ = {
			isa = PBXSourcesBuildPhase;
			buildActionMask = 2147483647;
			files = (
				3638ED8D29EA7FD300BEC54D /* NavigationView.swift in Sources */,
				3638ED9129EA807700BEC54D /* UIFont+.swift in Sources */,
				3638EDB729EA8F2500BEC54D /* EmailTextField.swift in Sources */,
				3638EDF529F2D19B00BEC54D /* LoginSuccessVC.swift in Sources */,
				3638EDB429EA8D5100BEC54D /* BaseTextField.swift in Sources */,
				3638ED8F29EA806E00BEC54D /* UIColor+.swift in Sources */,
				3638ED8329EA7E8400BEC54D /* UIView+.swift in Sources */,
				3638ED8529EA7EE000BEC54D /* UITextField+.swift in Sources */,
				3638EDC429EAA67C00BEC54D /* UIStackView+.swift in Sources */,
				3638EDAA29EA87D400BEC54D /* ImageLiterals.swift in Sources */,
				3638ED9429EA808C00BEC54D /* ScreenUtils.swift in Sources */,
				3638ED6029EA7B5A00BEC54D /* AppDelegate.swift in Sources */,
				3638EDC229EA9EE700BEC54D /* LoginView.swift in Sources */,
				3638ED6229EA7B5A00BEC54D /* SceneDelegate.swift in Sources */,
				3638EDBF29EA9BB700BEC54D /* UIButton+.swift in Sources */,
				3638EDAC29EA87E600BEC54D /* UIImage+.swift in Sources */,
				3638ED8729EA7F0500BEC54D /* String+.swift in Sources */,
				3638EDB929EA97FE00BEC54D /* PasswordTextField.swift in Sources */,
				3638EDF729F2D1AC00BEC54D /* LoginSuccessView.swift in Sources */,
				3638ED7F29EA7CD000BEC54D /* LoginVC.swift in Sources */,
			);
			runOnlyForDeploymentPostprocessing = 0;
		};
/* End PBXSourcesBuildPhase section */

/* Begin PBXVariantGroup section */
		3638ED6A29EA7B5C00BEC54D /* LaunchScreen.storyboard */ = {
			isa = PBXVariantGroup;
			children = (
				3638ED6B29EA7B5C00BEC54D /* Base */,
			);
			name = LaunchScreen.storyboard;
			sourceTree = "<group>";
		};
/* End PBXVariantGroup section */

/* Begin XCBuildConfiguration section */
		3638ED6E29EA7B5C00BEC54D /* Debug */ = {
			isa = XCBuildConfiguration;
			buildSettings = {
				ALWAYS_SEARCH_USER_PATHS = NO;
				CLANG_ANALYZER_NONNULL = YES;
				CLANG_ANALYZER_NUMBER_OBJECT_CONVERSION = YES_AGGRESSIVE;
				CLANG_CXX_LANGUAGE_STANDARD = "gnu++20";
				CLANG_ENABLE_MODULES = YES;
				CLANG_ENABLE_OBJC_ARC = YES;
				CLANG_ENABLE_OBJC_WEAK = YES;
				CLANG_WARN_BLOCK_CAPTURE_AUTORELEASING = YES;
				CLANG_WARN_BOOL_CONVERSION = YES;
				CLANG_WARN_COMMA = YES;
				CLANG_WARN_CONSTANT_CONVERSION = YES;
				CLANG_WARN_DEPRECATED_OBJC_IMPLEMENTATIONS = YES;
				CLANG_WARN_DIRECT_OBJC_ISA_USAGE = YES_ERROR;
				CLANG_WARN_DOCUMENTATION_COMMENTS = YES;
				CLANG_WARN_EMPTY_BODY = YES;
				CLANG_WARN_ENUM_CONVERSION = YES;
				CLANG_WARN_INFINITE_RECURSION = YES;
				CLANG_WARN_INT_CONVERSION = YES;
				CLANG_WARN_NON_LITERAL_NULL_CONVERSION = YES;
				CLANG_WARN_OBJC_IMPLICIT_RETAIN_SELF = YES;
				CLANG_WARN_OBJC_LITERAL_CONVERSION = YES;
				CLANG_WARN_OBJC_ROOT_CLASS = YES_ERROR;
				CLANG_WARN_QUOTED_INCLUDE_IN_FRAMEWORK_HEADER = YES;
				CLANG_WARN_RANGE_LOOP_ANALYSIS = YES;
				CLANG_WARN_STRICT_PROTOTYPES = YES;
				CLANG_WARN_SUSPICIOUS_MOVE = YES;
				CLANG_WARN_UNGUARDED_AVAILABILITY = YES_AGGRESSIVE;
				CLANG_WARN_UNREACHABLE_CODE = YES;
				CLANG_WARN__DUPLICATE_METHOD_MATCH = YES;
				COPY_PHASE_STRIP = NO;
				DEBUG_INFORMATION_FORMAT = dwarf;
				ENABLE_STRICT_OBJC_MSGSEND = YES;
				ENABLE_TESTABILITY = YES;
				GCC_C_LANGUAGE_STANDARD = gnu11;
				GCC_DYNAMIC_NO_PIC = NO;
				GCC_NO_COMMON_BLOCKS = YES;
				GCC_OPTIMIZATION_LEVEL = 0;
				GCC_PREPROCESSOR_DEFINITIONS = (
					"DEBUG=1",
					"$(inherited)",
				);
				GCC_WARN_64_TO_32_BIT_CONVERSION = YES;
				GCC_WARN_ABOUT_RETURN_TYPE = YES_ERROR;
				GCC_WARN_UNDECLARED_SELECTOR = YES;
				GCC_WARN_UNINITIALIZED_AUTOS = YES_AGGRESSIVE;
				GCC_WARN_UNUSED_FUNCTION = YES;
				GCC_WARN_UNUSED_VARIABLE = YES;
				IPHONEOS_DEPLOYMENT_TARGET = 16.4;
				MTL_ENABLE_DEBUG_INFO = INCLUDE_SOURCE;
				MTL_FAST_MATH = YES;
				ONLY_ACTIVE_ARCH = YES;
				SDKROOT = iphoneos;
				SWIFT_ACTIVE_COMPILATION_CONDITIONS = DEBUG;
				SWIFT_OPTIMIZATION_LEVEL = "-Onone";
			};
			name = Debug;
		};
		3638ED6F29EA7B5C00BEC54D /* Release */ = {
			isa = XCBuildConfiguration;
			buildSettings = {
				ALWAYS_SEARCH_USER_PATHS = NO;
				CLANG_ANALYZER_NONNULL = YES;
				CLANG_ANALYZER_NUMBER_OBJECT_CONVERSION = YES_AGGRESSIVE;
				CLANG_CXX_LANGUAGE_STANDARD = "gnu++20";
				CLANG_ENABLE_MODULES = YES;
				CLANG_ENABLE_OBJC_ARC = YES;
				CLANG_ENABLE_OBJC_WEAK = YES;
				CLANG_WARN_BLOCK_CAPTURE_AUTORELEASING = YES;
				CLANG_WARN_BOOL_CONVERSION = YES;
				CLANG_WARN_COMMA = YES;
				CLANG_WARN_CONSTANT_CONVERSION = YES;
				CLANG_WARN_DEPRECATED_OBJC_IMPLEMENTATIONS = YES;
				CLANG_WARN_DIRECT_OBJC_ISA_USAGE = YES_ERROR;
				CLANG_WARN_DOCUMENTATION_COMMENTS = YES;
				CLANG_WARN_EMPTY_BODY = YES;
				CLANG_WARN_ENUM_CONVERSION = YES;
				CLANG_WARN_INFINITE_RECURSION = YES;
				CLANG_WARN_INT_CONVERSION = YES;
				CLANG_WARN_NON_LITERAL_NULL_CONVERSION = YES;
				CLANG_WARN_OBJC_IMPLICIT_RETAIN_SELF = YES;
				CLANG_WARN_OBJC_LITERAL_CONVERSION = YES;
				CLANG_WARN_OBJC_ROOT_CLASS = YES_ERROR;
				CLANG_WARN_QUOTED_INCLUDE_IN_FRAMEWORK_HEADER = YES;
				CLANG_WARN_RANGE_LOOP_ANALYSIS = YES;
				CLANG_WARN_STRICT_PROTOTYPES = YES;
				CLANG_WARN_SUSPICIOUS_MOVE = YES;
				CLANG_WARN_UNGUARDED_AVAILABILITY = YES_AGGRESSIVE;
				CLANG_WARN_UNREACHABLE_CODE = YES;
				CLANG_WARN__DUPLICATE_METHOD_MATCH = YES;
				COPY_PHASE_STRIP = NO;
				DEBUG_INFORMATION_FORMAT = "dwarf-with-dsym";
				ENABLE_NS_ASSERTIONS = NO;
				ENABLE_STRICT_OBJC_MSGSEND = YES;
				GCC_C_LANGUAGE_STANDARD = gnu11;
				GCC_NO_COMMON_BLOCKS = YES;
				GCC_WARN_64_TO_32_BIT_CONVERSION = YES;
				GCC_WARN_ABOUT_RETURN_TYPE = YES_ERROR;
				GCC_WARN_UNDECLARED_SELECTOR = YES;
				GCC_WARN_UNINITIALIZED_AUTOS = YES_AGGRESSIVE;
				GCC_WARN_UNUSED_FUNCTION = YES;
				GCC_WARN_UNUSED_VARIABLE = YES;
				IPHONEOS_DEPLOYMENT_TARGET = 16.4;
				MTL_ENABLE_DEBUG_INFO = NO;
				MTL_FAST_MATH = YES;
				SDKROOT = iphoneos;
				SWIFT_COMPILATION_MODE = wholemodule;
				SWIFT_OPTIMIZATION_LEVEL = "-O";
				VALIDATE_PRODUCT = YES;
			};
			name = Release;
		};
		3638ED7129EA7B5C00BEC54D /* Debug */ = {
			isa = XCBuildConfiguration;
			buildSettings = {
				ASSETCATALOG_COMPILER_APPICON_NAME = AppIcon;
				ASSETCATALOG_COMPILER_GLOBAL_ACCENT_COLOR_NAME = AccentColor;
				CODE_SIGN_STYLE = Automatic;
				CURRENT_PROJECT_VERSION = 1;
				DEVELOPMENT_TEAM = U24ZACT97M;
				GENERATE_INFOPLIST_FILE = YES;
				INFOPLIST_FILE = "Tving-Clone-Coding/Info.plist";
				INFOPLIST_KEY_UIApplicationSupportsIndirectInputEvents = YES;
				INFOPLIST_KEY_UILaunchStoryboardName = LaunchScreen;
				INFOPLIST_KEY_UISupportedInterfaceOrientations_iPad = "UIInterfaceOrientationPortrait UIInterfaceOrientationPortraitUpsideDown UIInterfaceOrientationLandscapeLeft UIInterfaceOrientationLandscapeRight";
				INFOPLIST_KEY_UISupportedInterfaceOrientations_iPhone = "UIInterfaceOrientationPortrait UIInterfaceOrientationLandscapeLeft UIInterfaceOrientationLandscapeRight";
				LD_RUNPATH_SEARCH_PATHS = (
					"$(inherited)",
					"@executable_path/Frameworks",
				);
				MARKETING_VERSION = 1.0;
				PRODUCT_BUNDLE_IDENTIFIER = "ikbum.Tving-Clone-Coding";
				PRODUCT_NAME = "$(TARGET_NAME)";
				SWIFT_EMIT_LOC_STRINGS = YES;
				SWIFT_VERSION = 5.0;
				TARGETED_DEVICE_FAMILY = "1,2";
			};
			name = Debug;
		};
		3638ED7229EA7B5C00BEC54D /* Release */ = {
			isa = XCBuildConfiguration;
			buildSettings = {
				ASSETCATALOG_COMPILER_APPICON_NAME = AppIcon;
				ASSETCATALOG_COMPILER_GLOBAL_ACCENT_COLOR_NAME = AccentColor;
				CODE_SIGN_STYLE = Automatic;
				CURRENT_PROJECT_VERSION = 1;
				DEVELOPMENT_TEAM = U24ZACT97M;
				GENERATE_INFOPLIST_FILE = YES;
				INFOPLIST_FILE = "Tving-Clone-Coding/Info.plist";
				INFOPLIST_KEY_UIApplicationSupportsIndirectInputEvents = YES;
				INFOPLIST_KEY_UILaunchStoryboardName = LaunchScreen;
				INFOPLIST_KEY_UISupportedInterfaceOrientations_iPad = "UIInterfaceOrientationPortrait UIInterfaceOrientationPortraitUpsideDown UIInterfaceOrientationLandscapeLeft UIInterfaceOrientationLandscapeRight";
				INFOPLIST_KEY_UISupportedInterfaceOrientations_iPhone = "UIInterfaceOrientationPortrait UIInterfaceOrientationLandscapeLeft UIInterfaceOrientationLandscapeRight";
				LD_RUNPATH_SEARCH_PATHS = (
					"$(inherited)",
					"@executable_path/Frameworks",
				);
				MARKETING_VERSION = 1.0;
				PRODUCT_BUNDLE_IDENTIFIER = "ikbum.Tving-Clone-Coding";
				PRODUCT_NAME = "$(TARGET_NAME)";
				SWIFT_EMIT_LOC_STRINGS = YES;
				SWIFT_VERSION = 5.0;
				TARGETED_DEVICE_FAMILY = "1,2";
			};
			name = Release;
		};
/* End XCBuildConfiguration section */

/* Begin XCConfigurationList section */
		3638ED5729EA7B5A00BEC54D /* Build configuration list for PBXProject "Tving-Clone-Coding" */ = {
			isa = XCConfigurationList;
			buildConfigurations = (
				3638ED6E29EA7B5C00BEC54D /* Debug */,
				3638ED6F29EA7B5C00BEC54D /* Release */,
			);
			defaultConfigurationIsVisible = 0;
			defaultConfigurationName = Release;
		};
		3638ED7029EA7B5C00BEC54D /* Build configuration list for PBXNativeTarget "Tving-Clone-Coding" */ = {
			isa = XCConfigurationList;
			buildConfigurations = (
				3638ED7129EA7B5C00BEC54D /* Debug */,
				3638ED7229EA7B5C00BEC54D /* Release */,
			);
			defaultConfigurationIsVisible = 0;
			defaultConfigurationName = Release;
		};
/* End XCConfigurationList section */

/* Begin XCRemoteSwiftPackageReference section */
		3638ED7329EA7B9F00BEC54D /* XCRemoteSwiftPackageReference "SnapKit" */ = {
			isa = XCRemoteSwiftPackageReference;
			repositoryURL = "https://github.com/SnapKit/SnapKit";
			requirement = {
				kind = upToNextMajorVersion;
				minimumVersion = 5.0.0;
			};
		};
		3638ED7629EA7BB200BEC54D /* XCRemoteSwiftPackageReference "Then" */ = {
			isa = XCRemoteSwiftPackageReference;
			repositoryURL = "https://github.com/devxoul/Then";
			requirement = {
				kind = upToNextMajorVersion;
				minimumVersion = 3.0.0;
			};
		};
/* End XCRemoteSwiftPackageReference section */

/* Begin XCSwiftPackageProductDependency section */
		3638ED7429EA7B9F00BEC54D /* SnapKit */ = {
			isa = XCSwiftPackageProductDependency;
			package = 3638ED7329EA7B9F00BEC54D /* XCRemoteSwiftPackageReference "SnapKit" */;
			productName = SnapKit;
		};
		3638ED7729EA7BB200BEC54D /* Then */ = {
			isa = XCSwiftPackageProductDependency;
			package = 3638ED7629EA7BB200BEC54D /* XCRemoteSwiftPackageReference "Then" */;
			productName = Then;
		};
/* End XCSwiftPackageProductDependency section */
	};
	rootObject = 3638ED5429EA7B5A00BEC54D /* Project object */;
}
